
Microsoft Visual Studio Solution File, Format Version 12.00
# Visual Studio 15
VisualStudioVersion = 15.0.28307.106
MinimumVisualStudioVersion = 10.0.40219.1
Project("{8BC9CEB8-8B4A-11D0-8D11-00A0C91BC942}") = "PrinterFix", "PrinterFix\PrinterFix.vcxproj", "{6605F19D-9374-4888-BE0B-6AB9018B2A26}"
EndProject
Global
	GlobalSection(SolutionConfigurationPlatforms) = preSolution
		Debug|x64 = Debug|x64
		Debug|Win32 = Debug|Win32
		Release|x64 = Release|x64
		Release|Win32 = Release|Win32
	EndGlobalSection
	GlobalSection(ProjectConfigurationPlatforms) = postSolution
		{6605F19D-9374-4888-BE0B-6AB9018B2A26}.Debug|x64.ActiveCfg = Debug|x64
		{6605F19D-9374-4888-BE0B-6AB9018B2A26}.Debug|x64.Build.0 = Debug|x64
		{6605F19D-9374-4888-BE0B-6AB9018B2A26}.Debug|Win32.ActiveCfg = Debug|Win32
		{6605F19D-9374-4888-BE0B-6AB9018B2A26}.Debug|Win32.Build.0 = Debug|Win32
		{6605F19D-9374-4888-BE0B-6AB9018B2A26}.Release|x64.ActiveCfg = Release|x64
		{6605F19D-9374-4888-BE0B-6AB9018B2A26}.Release|x64.Build.0 = Release|x64
		{6605F19D-9374-4888-BE0B-6AB9018B2A26}.Release|Win32.ActiveCfg = Release|Win32
		{6605F19D-9374-4888-BE0B-6AB9018B2A26}.Release|Win32.Build.0 = Release|Win32
	EndGlobalSection
	GlobalSection(SolutionProperties) = preSolution
		HideSolutionNode = FALSE
	EndGlobalSection
	GlobalSection(ExtensibilityGlobals) = postSolution
		SolutionGuid = {3265E2C7-4A63-4E45-B41C-C82F5E8C4FC0}
	EndGlobalSection
EndGlobal
